
Microsoft Visual Studio Solution File, Format Version 12.00
# Visual Studio Version 16
VisualStudioVersion = 16.0.29613.14
MinimumVisualStudioVersion = 10.0.40219.1
Project("{F184B08F-C81C-45F6-A57F-5ABD9991F28F}") = "AfipCert", "AfipCert.vbproj", "{0429FEA5-881C-493D-BA45-D301167D386B}"
EndProject
Global
	GlobalSection(SolutionConfigurationPlatforms) = preSolution
		Debug|Any CPU = Debug|Any CPU
		Release|Any CPU = Release|Any CPU
	EndGlobalSection
	GlobalSection(ProjectConfigurationPlatforms) = postSolution
		{0429FEA5-881C-493D-BA45-D301167D386B}.Debug|Any CPU.ActiveCfg = Debug|Any CPU
		{0429FEA5-881C-493D-BA45-D301167D386B}.Debug|Any CPU.Build.0 = Debug|Any CPU
		{0429FEA5-881C-493D-BA45-D301167D386B}.Release|Any CPU.ActiveCfg = Release|Any CPU
		{0429FEA5-881C-493D-BA45-D301167D386B}.Release|Any CPU.Build.0 = Release|Any CPU
	EndGlobalSection
	GlobalSection(SolutionProperties) = preSolution
		HideSolutionNode = FALSE
	EndGlobalSection
	GlobalSection(ExtensibilityGlobals) = postSolution
		SolutionGuid = {D4F42297-EF2A-4FC2-8DF3-9AC2C9B24FE9}
	EndGlobalSection
EndGlobal
